// !$*UTF8*$!
{
	archiveVersion = 1;
	classes = {
	};
	objectVersion = 46;
	objects = {

/* Begin PBXBuildFile section */
		E630679B1BD5477C0023D4EC /* main.m in Sources */ = {isa = PBXBuildFile; fileRef = E630679A1BD5477C0023D4EC /* main.m */; };
		E630679E1BD5477C0023D4EC /* AppDelegate.m in Sources */ = {isa = PBXBuildFile; fileRef = E630679D1BD5477C0023D4EC /* AppDelegate.m */; };
		E63067A11BD5477C0023D4EC /* ViewController.m in Sources */ = {isa = PBXBuildFile; fileRef = E63067A01BD5477C0023D4EC /* ViewController.m */; };
		E63067A41BD5477C0023D4EC /* Main.storyboard in Resources */ = {isa = PBXBuildFile; fileRef = E63067A21BD5477C0023D4EC /* Main.storyboard */; };
		E63067A61BD5477C0023D4EC /* Assets.xcassets in Resources */ = {isa = PBXBuildFile; fileRef = E63067A51BD5477C0023D4EC /* Assets.xcassets */; };
		E63067A91BD5477C0023D4EC /* LaunchScreen.storyboard in Resources */ = {isa = PBXBuildFile; fileRef = E63067A71BD5477C0023D4EC /* LaunchScreen.storyboard */; };
/* End PBXBuildFile section */

/* Begin PBXFileReference section */
		E63067961BD5477C0023D4EC /* SinglePage.app */ = {isa = PBXFileReference; explicitFileType = wrapper.application; includeInIndex = 0; path = SinglePage.app; sourceTree = BUILT_PRODUCTS_DIR; };
		E630679A1BD5477C0023D4EC /* main.m */ = {isa = PBXFileReference; lastKnownFileType = sourcecode.c.objc; path = main.m; sourceTree = "<group>"; };
		E630679C1BD5477C0023D4EC /* AppDelegate.h */ = {isa = PBXFileReference; lastKnownFileType = sourcecode.c.h; path = AppDelegate.h; sourceTree = "<group>"; };
		E630679D1BD5477C0023D4EC /* AppDelegate.m */ = {isa = PBXFileReference; lastKnownFileType = sourcecode.c.objc; path = AppDelegate.m; sourceTree = "<group>"; };
		E630679F1BD5477C0023D4EC /* ViewController.h */ = {isa = PBXFileReference; lastKnownFileType = sourcecode.c.h; path = ViewController.h; sourceTree = "<group>"; };
		E63067A01BD5477C0023D4EC /* ViewController.m */ = {isa = PBXFileReference; lastKnownFileType = sourcecode.c.objc; path = ViewController.m; sourceTree = "<group>"; };
		E63067A31BD5477C0023D4EC /* Base */ = {isa = PBXFileReference; lastKnownFileType = file.storyboard; name = Base; path = Base.lproj/Main.storyboard; sourceTree = "<group>"; };
		E63067A51BD5477C0023D4EC /* Assets.xcassets */ = {isa = PBXFileReference; lastKnownFileType = folder.assetcatalog; path = Assets.xcassets; sourceTree = "<group>"; };
		E63067A81BD5477C0023D4EC /* Base */ = {isa = PBXFileReference; lastKnownFileType = file.storyboard; name = Base; path = Base.lproj/LaunchScreen.storyboard; sourceTree = "<group>"; };
		E63067AA1BD5477C0023D4EC /* Info.plist */ = {isa = PBXFileReference; lastKnownFileType = text.plist.xml; path = Info.plist; sourceTree = "<group>"; };
/* End PBXFileReference section */

/* Begin PBXFrameworksBuildPhase section */
		E63067931BD5477C0023D4EC /* Frameworks */ = {
			isa = PBXFrameworksBuildPhase;
			buildActionMask = 2147483647;
			files = (
			);
			runOnlyForDeploymentPostprocessing = 0;
		};
/* End PBXFrameworksBuildPhase section */

/* Begin PBXGroup section */
		E630678D1BD5477C0023D4EC = {
			isa = PBXGroup;
			children = (
				E63067981BD5477C0023D4EC /* SinglePage */,
				E63067971BD5477C0023D4EC /* Products */,
			);
			sourceTree = "<group>";
		};
		E63067971BD5477C0023D4EC /* Products */ = {
			isa = PBXGroup;
			children = (
				E63067961BD5477C0023D4EC /* SinglePage.app */,
			);
			name = Products;
			sourceTree = "<group>";
		};
		E63067981BD5477C0023D4EC /* SinglePage */ = {
			isa = PBXGroup;
			children = (
				E630679C1BD5477C0023D4EC /* AppDelegate.h */,
				E630679D1BD5477C0023D4EC /* AppDelegate.m */,
				E630679F1BD5477C0023D4EC /* ViewController.h */,
				E63067A01BD5477C0023D4EC /* ViewController.m */,
				E63067A21BD5477C0023D4EC /* Main.storyboard */,
				E63067A51BD5477C0023D4EC /* Assets.xcassets */,
				E63067A71BD5477C0023D4EC /* LaunchScreen.storyboard */,
				E63067AA1BD5477C0023D4EC /* Info.plist */,
				E63067991BD5477C0023D4EC /* Supporting Files */,
			);
			path = SinglePage;
			sourceTree = "<group>";
		};
		E63067991BD5477C0023D4EC /* Supporting Files */ = {
			isa = PBXGroup;
			children = (
				E630679A1BD5477C0023D4EC /* main.m */,
			);
			name = "Supporting Files";
			sourceTree = "<group>";
		};
/* End PBXGroup section */

/* Begin PBXNativeTarget section */
		E63067951BD5477C0023D4EC /* SinglePage */ = {
			isa = PBXNativeTarget;
			buildConfigurationList = E63067AD1BD5477C0023D4EC /* Build configuration list for PBXNativeTarget "SinglePage" */;
			buildPhases = (
				E63067921BD5477C0023D4EC /* Sources */,
				E63067931BD5477C0023D4EC /* Frameworks */,
				E63067941BD5477C0023D4EC /* Resources */,
			);
			buildRules = (
			);
			dependencies = (
			);
			name = SinglePage;
			productName = SinglePage;
			productReference = E63067961BD5477C0023D4EC /* SinglePage.app */;
			productType = "com.apple.product-type.application";
		};
/* End PBXNativeTarget section */

/* Begin PBXProject section */
		E630678E1BD5477C0023D4EC /* Project object */ = {
			isa = PBXProject;
			attributes = {
				LastUpgradeCheck = 0700;
				ORGANIZATIONNAME = "Nicolas Linard";
				TargetAttributes = {
					E63067951BD5477C0023D4EC = {
						CreatedOnToolsVersion = 7.0.1;
					};
				};
			};
			buildConfigurationList = E63067911BD5477C0023D4EC /* Build configuration list for PBXProject "SinglePage" */;
			compatibilityVersion = "Xcode 3.2";
			developmentRegion = English;
			hasScannedForEncodings = 0;
			knownRegions = (
				en,
				Base,
			);
			mainGroup = E630678D1BD5477C0023D4EC;
			productRefGroup = E63067971BD5477C0023D4EC /* Products */;
			projectDirPath = "";
			projectRoot = "";
			targets = (
				E63067951BD5477C0023D4EC /* SinglePage */,
			);
		};
/* End PBXProject section */

/* Begin PBXResourcesBuildPhase section */
		E63067941BD5477C0023D4EC /* Resources */ = {
			isa = PBXResourcesBuildPhase;
			buildActionMask = 2147483647;
			files = (
				E63067A91BD5477C0023D4EC /* LaunchScreen.storyboard in Resources */,
				E63067A61BD5477C0023D4EC /* Assets.xcassets in Resources */,
				E63067A41BD5477C0023D4EC /* Main.storyboard in Resources */,
			);
			runOnlyForDeploymentPostprocessing = 0;
		};
/* End PBXResourcesBuildPhase section */

/* Begin PBXSourcesBuildPhase section */
		E63067921BD5477C0023D4EC /* Sources */ = {
			isa = PBXSourcesBuildPhase;
			buildActionMask = 2147483647;
			files = (
				E63067A11BD5477C0023D4EC /* ViewController.m in Sources */,
				E630679E1BD5477C0023D4EC /* AppDelegate.m in Sources */,
				E630679B1BD5477C0023D4EC /* main.m in Sources */,
			);
			runOnlyForDeploymentPostprocessing = 0;
		};
/* End PBXSourcesBuildPhase section */

/* Begin PBXVariantGroup section */
		E63067A21BD5477C0023D4EC /* Main.storyboard */ = {
			isa = PBXVariantGroup;
			children = (
				E63067A31BD5477C0023D4EC /* Base */,
			);
			name = Main.storyboard;
			sourceTree = "<group>";
		};
		E63067A71BD5477C0023D4EC /* LaunchScreen.storyboard */ = {
			isa = PBXVariantGroup;
			children = (
				E63067A81BD5477C0023D4EC /* Base */,
			);
			name = LaunchScreen.storyboard;
			sourceTree = "<group>";
		};
/* End PBXVariantGroup section */

/* Begin XCBuildConfiguration section */
		E63067AB1BD5477C0023D4EC /* Debug */ = {
			isa = XCBuildConfiguration;
			buildSettings = {
				ALWAYS_SEARCH_USER_PATHS = NO;
				CLANG_CXX_LANGUAGE_STANDARD = "gnu++0x";
				CLANG_CXX_LIBRARY = "libc++";
				CLANG_ENABLE_MODULES = YES;
				CLANG_ENABLE_OBJC_ARC = YES;
				CLANG_WARN_BOOL_CONVERSION = YES;
				CLANG_WARN_CONSTANT_CONVERSION = YES;
				CLANG_WARN_DIRECT_OBJC_ISA_USAGE = YES_ERROR;
				CLANG_WARN_EMPTY_BODY = YES;
				CLANG_WARN_ENUM_CONVERSION = YES;
				CLANG_WARN_INT_CONVERSION = YES;
				CLANG_WARN_OBJC_ROOT_CLASS = YES_ERROR;
				CLANG_WARN_UNREACHABLE_CODE = YES;
				CLANG_WARN__DUPLICATE_METHOD_MATCH = YES;
				"CODE_SIGN_IDENTITY[sdk=iphoneos*]" = "iPhone Developer";
				COPY_PHASE_STRIP = NO;
				DEBUG_INFORMATION_FORMAT = dwarf;
				ENABLE_STRICT_OBJC_MSGSEND = YES;
				ENABLE_TESTABILITY = YES;
				GCC_C_LANGUAGE_STANDARD = gnu99;
				GCC_DYNAMIC_NO_PIC = NO;
				GCC_NO_COMMON_BLOCKS = YES;
				GCC_OPTIMIZATION_LEVEL = 0;
				GCC_PREPROCESSOR_DEFINITIONS = (
					"DEBUG=1",
					"$(inherited)",
				);
				GCC_WARN_64_TO_32_BIT_CONVERSION = YES;
				GCC_WARN_ABOUT_RETURN_TYPE = YES_ERROR;
				GCC_WARN_UNDECLARED_SELECTOR = YES;
				GCC_WARN_UNINITIALIZED_AUTOS = YES_AGGRESSIVE;
				GCC_WARN_UNUSED_FUNCTION = YES;
				GCC_WARN_UNUSED_VARIABLE = YES;
				IPHONEOS_DEPLOYMENT_TARGET = 9.0;
				MTL_ENABLE_DEBUG_INFO = YES;
				ONLY_ACTIVE_ARCH = YES;
				SDKROOT = iphoneos;
				TARGETED_DEVICE_FAMILY = "1,2";
			};
			name = Debug;
		};
		E63067AC1BD5477C0023D4EC /* Release */ = {
			isa = XCBuildConfiguration;
			buildSettings = {
				ALWAYS_SEARCH_USER_PATHS = NO;
				CLANG_CXX_LANGUAGE_STANDARD = "gnu++0x";
				CLANG_CXX_LIBRARY = "libc++";
				CLANG_ENABLE_MODULES = YES;
				CLANG_ENABLE_OBJC_ARC = YES;
				CLANG_WARN_BOOL_CONVERSION = YES;
				CLANG_WARN_CONSTANT_CONVERSION = YES;
				CLANG_WARN_DIRECT_OBJC_ISA_USAGE = YES_ERROR;
				CLANG_WARN_EMPTY_BODY = YES;
				CLANG_WARN_ENUM_CONVERSION = YES;
				CLANG_WARN_INT_CONVERSION = YES;
				CLANG_WARN_OBJC_ROOT_CLASS = YES_ERROR;
				CLANG_WARN_UNREACHABLE_CODE = YES;
				CLANG_WARN__DUPLICATE_METHOD_MATCH = YES;
				"CODE_SIGN_IDENTITY[sdk=iphoneos*]" = "iPhone Developer";
				COPY_PHASE_STRIP = NO;
				DEBUG_INFORMATION_FORMAT = "dwarf-with-dsym";
				ENABLE_NS_ASSERTIONS = NO;
				ENABLE_STRICT_OBJC_MSGSEND = YES;
				GCC_C_LANGUAGE_STANDARD = gnu99;
				GCC_NO_COMMON_BLOCKS = YES;
				GCC_WARN_64_TO_32_BIT_CONVERSION = YES;
				GCC_WARN_ABOUT_RETURN_TYPE = YES_ERROR;
				GCC_WARN_UNDECLARED_SELECTOR = YES;
				GCC_WARN_UNINITIALIZED_AUTOS = YES_AGGRESSIVE;
				GCC_WARN_UNUSED_FUNCTION = YES;
				GCC_WARN_UNUSED_VARIABLE = YES;
				IPHONEOS_DEPLOYMENT_TARGET = 9.0;
				MTL_ENABLE_DEBUG_INFO = NO;
				SDKROOT = iphoneos;
				TARGETED_DEVICE_FAMILY = "1,2";
				VALIDATE_PRODUCT = YES;
			};
			name = Release;
		};
		E63067AE1BD5477C0023D4EC /* Debug */ = {
			isa = XCBuildConfiguration;
			buildSettings = {
				ASSETCATALOG_COMPILER_APPICON_NAME = AppIcon;
				INFOPLIST_FILE = SinglePage/Info.plist;
				LD_RUNPATH_SEARCH_PATHS = "$(inherited) @executable_path/Frameworks";
				PRODUCT_BUNDLE_IDENTIFIER = com.nicolaslinard.SinglePage;
				PRODUCT_NAME = "$(TARGET_NAME)";
			};
			name = Debug;
		};
		E63067AF1BD5477C0023D4EC /* Release */ = {
			isa = XCBuildConfiguration;
			buildSettings = {
				ASSETCATALOG_COMPILER_APPICON_NAME = AppIcon;
				INFOPLIST_FILE = SinglePage/Info.plist;
				LD_RUNPATH_SEARCH_PATHS = "$(inherited) @executable_path/Frameworks";
				PRODUCT_BUNDLE_IDENTIFIER = com.nicolaslinard.SinglePage;
				PRODUCT_NAME = "$(TARGET_NAME)";
			};
			name = Release;
		};
/* End XCBuildConfiguration section */

/* Begin XCConfigurationList section */
		E63067911BD5477C0023D4EC /* Build configuration list for PBXProject "SinglePage" */ = {
			isa = XCConfigurationList;
			buildConfigurations = (
				E63067AB1BD5477C0023D4EC /* Debug */,
				E63067AC1BD5477C0023D4EC /* Release */,
			);
			defaultConfigurationIsVisible = 0;
			defaultConfigurationName = Release;
		};
		E63067AD1BD5477C0023D4EC /* Build configuration list for PBXNativeTarget "SinglePage" */ = {
			isa = XCConfigurationList;
			buildConfigurations = (
				E63067AE1BD5477C0023D4EC /* Debug */,
				E63067AF1BD5477C0023D4EC /* Release */,
			);
			defaultConfigurationIsVisible = 0;
		};
/* End XCConfigurationList section */
	};
	rootObject = E630678E1BD5477C0023D4EC /* Project object */;
}
